
Microsoft Visual Studio Solution File, Format Version 12.00
# Visual Studio Version 16
VisualStudioVersion = 16.0.29806.167
MinimumVisualStudioVersion = 10.0.40219.1
Project("{FAE04EC0-301F-11D3-BF4B-00C04F79EFBC}") = "example1Exam", "example1Exam.csproj", "{E23D5853-0FAE-44DC-9255-56630FDE1872}"
EndProject
Global
	GlobalSection(SolutionConfigurationPlatforms) = preSolution
		Debug|Any CPU = Debug|Any CPU
		Release|Any CPU = Release|Any CPU
	EndGlobalSection
	GlobalSection(ProjectConfigurationPlatforms) = postSolution
		{E23D5853-0FAE-44DC-9255-56630FDE1872}.Debug|Any CPU.ActiveCfg = Debug|Any CPU
		{E23D5853-0FAE-44DC-9255-56630FDE1872}.Debug|Any CPU.Build.0 = Debug|Any CPU
		{E23D5853-0FAE-44DC-9255-56630FDE1872}.Release|Any CPU.ActiveCfg = Release|Any CPU
		{E23D5853-0FAE-44DC-9255-56630FDE1872}.Release|Any CPU.Build.0 = Release|Any CPU
	EndGlobalSection
	GlobalSection(SolutionProperties) = preSolution
		HideSolutionNode = FALSE
	EndGlobalSection
	GlobalSection(ExtensibilityGlobals) = postSolution
		SolutionGuid = {3E6A2F6D-35B8-4C04-96FD-7ADA53F41061}
	EndGlobalSection
EndGlobal
